
Microsoft Visual Studio Solution File, Format Version 12.00
# Visual Studio Version 17
VisualStudioVersion = 17.10.34928.147
MinimumVisualStudioVersion = 10.0.40219.1
Project("{FAE04EC0-301F-11D3-BF4B-00C04F79EFBC}") = "MedicalInformation", "MedicalInformation\MedicalInformation.csproj", "{0ED656B7-3037-48D4-83C0-EDEC5A51106B}"
EndProject
Global
	GlobalSection(SolutionConfigurationPlatforms) = preSolution
		Debug|Any CPU = Debug|Any CPU
		Release|Any CPU = Release|Any CPU
	EndGlobalSection
	GlobalSection(ProjectConfigurationPlatforms) = postSolution
		{0ED656B7-3037-48D4-83C0-EDEC5A51106B}.Debug|Any CPU.ActiveCfg = Debug|Any CPU
		{0ED656B7-3037-48D4-83C0-EDEC5A51106B}.Debug|Any CPU.Build.0 = Debug|Any CPU
		{0ED656B7-3037-48D4-83C0-EDEC5A51106B}.Release|Any CPU.ActiveCfg = Release|Any CPU
		{0ED656B7-3037-48D4-83C0-EDEC5A51106B}.Release|Any CPU.Build.0 = Release|Any CPU
	EndGlobalSection
	GlobalSection(SolutionProperties) = preSolution
		HideSolutionNode = FALSE
	EndGlobalSection
	GlobalSection(ExtensibilityGlobals) = postSolution
		SolutionGuid = {87A6B7AB-DAA6-4C3A-8ED3-7BCCE1686BA8}
	EndGlobalSection
EndGlobal
